# This file is automatically @generated by Cargo.
# It is not intended for manual editing.
[[package]]
name = "proto_desc_printer"
version = "0.1.0"
dependencies = [
 "protobuf",
]

[[package]]
name = "protobuf"
version = "2.18.1"
source = "registry+https://github.com/rust-lang/crates.io-index"
checksum = "da78e04bc0e40f36df43ecc6575e4f4b180e8156c4efd73f13d5619479b05696"
